
Microsoft Visual Studio Solution File, Format Version 12.00
# Visual Studio 15
Project("{FAE04EC0-301F-11D3-BF4B-00C04F79EFBC}") = "dotnet-proj", "dotnet-proj.csproj", "{4CDA11C6-1695-418B-9964-FB4ED557D38E}"
EndProject
Project("{2150E333-8FDC-42A3-9474-1A3956D46DE8}") = "Solution Items", "Solution Items", "{7B87A780-FD7C-4550-8D84-E51B7B84B386}"
	ProjectSection(SolutionItems) = preProject
		DockerFile = DockerFile
	EndProjectSection
EndProject
Global
	GlobalSection(SolutionConfigurationPlatforms) = preSolution
		Debug|Any CPU = Debug|Any CPU
		Release|Any CPU = Release|Any CPU
	EndGlobalSection
	GlobalSection(ProjectConfigurationPlatforms) = postSolution
		{4CDA11C6-1695-418B-9964-FB4ED557D38E}.Debug|Any CPU.ActiveCfg = Debug|Any CPU
		{4CDA11C6-1695-418B-9964-FB4ED557D38E}.Debug|Any CPU.Build.0 = Debug|Any CPU
		{4CDA11C6-1695-418B-9964-FB4ED557D38E}.Release|Any CPU.ActiveCfg = Release|Any CPU
		{4CDA11C6-1695-418B-9964-FB4ED557D38E}.Release|Any CPU.Build.0 = Release|Any CPU
	EndGlobalSection
EndGlobal
